
Microsoft Visual Studio Solution File, Format Version 12.00
# Visual Studio 15
VisualStudioVersion = 15.0.28307.168
MinimumVisualStudioVersion = 10.0.40219.1
Project("{9A19103F-16F7-4668-BE54-9A1E7A4F7556}") = "OLeite", "OLeite.csproj", "{C8F526F7-FA52-49BA-9790-1446C5E6076E}"
EndProject
Global
	GlobalSection(SolutionConfigurationPlatforms) = preSolution
		Debug|Any CPU = Debug|Any CPU
		Release|Any CPU = Release|Any CPU
	EndGlobalSection
	GlobalSection(ProjectConfigurationPlatforms) = postSolution
		{C8F526F7-FA52-49BA-9790-1446C5E6076E}.Debug|Any CPU.ActiveCfg = Debug|Any CPU
		{C8F526F7-FA52-49BA-9790-1446C5E6076E}.Debug|Any CPU.Build.0 = Debug|Any CPU
		{C8F526F7-FA52-49BA-9790-1446C5E6076E}.Release|Any CPU.ActiveCfg = Release|Any CPU
		{C8F526F7-FA52-49BA-9790-1446C5E6076E}.Release|Any CPU.Build.0 = Release|Any CPU
	EndGlobalSection
	GlobalSection(SolutionProperties) = preSolution
		HideSolutionNode = FALSE
	EndGlobalSection
	GlobalSection(ExtensibilityGlobals) = postSolution
		SolutionGuid = {2EB5F529-2E8E-4FD2-8453-2D9D8EBB0DE3}
	EndGlobalSection
EndGlobal
